lockfileVersion: '9.0'

settings:
  autoInstallPeers: true
  excludeLinksFromLockfile: false

importers:

  .:
    dependencies:
      '@elysiajs/cors':
        specifier: ^1.3.3
        version: 1.3.3(elysia@1.3.5(exact-mirror@0.1.2(@sinclair/typebox@0.34.35))(file-type@21.0.0)(typescript@5.8.3))
      '@elysiajs/eden':
        specifier: ^1.3.2
        version: 1.3.2(elysia@1.3.5(exact-mirror@0.1.2(@sinclair/typebox@0.34.35))(file-type@21.0.0)(typescript@5.8.3))
      '@elysiajs/server-timing':
        specifier: ^1.3.0
        version: 1.3.0(elysia@1.3.5(exact-mirror@0.1.2(@sinclair/typebox@0.34.35))(file-type@21.0.0)(typescript@5.8.3))
      '@elysiajs/swagger':
        specifier: ^1.3.0
        version: 1.3.0(elysia@1.3.5(exact-mirror@0.1.2(@sinclair/typebox@0.34.35))(file-type@21.0.0)(typescript@5.8.3))
      '@paralleldrive/cuid2':
        specifier: ^2.2.2
        version: 2.2.2
      dotenv:
        specifier: ^16.5.0
        version: 16.6.1
      elysia:
        specifier: latest
        version: 1.3.5(exact-mirror@0.1.2(@sinclair/typebox@0.34.35))(file-type@21.0.0)(typescript@5.8.3)
      logixlysia:
        specifier: ^5.0.0
        version: 5.0.0(exact-mirror@0.1.2(@sinclair/typebox@0.34.35))(file-type@21.0.0)(typescript@5.8.3)
      tstl:
        specifier: ^3.0.0
        version: 3.0.0
      type-fest:
        specifier: ^4.41.0
        version: 4.41.0
      typescript:
        specifier: ~5.8.3
        version: 5.8.3
      typia:
        specifier: ^9.3.1
        version: 9.6.0(typescript@5.8.3)
    devDependencies:
      '@biomejs/biome':
        specifier: 2.1.2
        version: 2.1.2
      '@ryoppippi/unplugin-typia':
        specifier: ^2.6.5
        version: 2.6.5(typescript@5.8.3)(typia@9.6.0(typescript@5.8.3))
      '@types/bun':
        specifier: latest
        version: 1.2.19(@types/react@19.1.8)
      bun-types:
        specifier: latest
        version: 1.2.16
      lefthook:
        specifier: ^1.12.2
        version: 1.12.2
      ts-patch:
        specifier: ^3.3.0
        version: 3.3.0
      ultracite:
        specifier: 4.2.12
        version: 4.2.12

packages:

  '@biomejs/biome@2.1.2':
    resolution: {integrity: sha512-yq8ZZuKuBVDgAS76LWCfFKHSYIAgqkxVB3mGVVpOe2vSkUTs7xG46zXZeNPRNVjiJuw0SZ3+J2rXiYx0RUpfGg==}
    engines: {node: '>=14.21.3'}
    hasBin: true

  '@biomejs/cli-darwin-arm64@2.1.2':
    resolution: {integrity: sha512-leFAks64PEIjc7MY/cLjE8u5OcfBKkcDB0szxsWUB4aDfemBep1WVKt0qrEyqZBOW8LPHzrFMyDl3FhuuA0E7g==}
    engines: {node: '>=14.21.3'}
    cpu: [arm64]
    os: [darwin]

  '@biomejs/cli-darwin-x64@2.1.2':
    resolution: {integrity: sha512-Nmmv7wRX5Nj7lGmz0FjnWdflJg4zii8Ivruas6PBKzw5SJX/q+Zh2RfnO+bBnuKLXpj8kiI2x2X12otpH6a32A==}
    engines: {node: '>=14.21.3'}
    cpu: [x64]
    os: [darwin]

  '@biomejs/cli-linux-arm64-musl@2.1.2':
    resolution: {integrity: sha512-qgHvafhjH7Oca114FdOScmIKf1DlXT1LqbOrrbR30kQDLFPEOpBG0uzx6MhmsrmhGiCFCr2obDamu+czk+X0HQ==}
    engines: {node: '>=14.21.3'}
    cpu: [arm64]
    os: [linux]

  '@biomejs/cli-linux-arm64@2.1.2':
    resolution: {integrity: sha512-NWNy2Diocav61HZiv2enTQykbPP/KrA/baS7JsLSojC7Xxh2nl9IczuvE5UID7+ksRy2e7yH7klm/WkA72G1dw==}
    engines: {node: '>=14.21.3'}
    cpu: [arm64]
    os: [linux]

  '@biomejs/cli-linux-x64-musl@2.1.2':
    resolution: {integrity: sha512-xlB3mU14ZUa3wzLtXfmk2IMOGL+S0aHFhSix/nssWS/2XlD27q+S6f0dlQ8WOCbYoXcuz8BCM7rCn2lxdTrlQA==}
    engines: {node: '>=14.21.3'}
    cpu: [x64]
    os: [linux]

  '@biomejs/cli-linux-x64@2.1.2':
    resolution: {integrity: sha512-Km/UYeVowygTjpX6sGBzlizjakLoMQkxWbruVZSNE6osuSI63i4uCeIL+6q2AJlD3dxoiBJX70dn1enjQnQqwA==}
    engines: {node: '>=14.21.3'}
    cpu: [x64]
    os: [linux]

  '@biomejs/cli-win32-arm64@2.1.2':
    resolution: {integrity: sha512-G8KWZli5ASOXA3yUQgx+M4pZRv3ND16h77UsdunUL17uYpcL/UC7RkWTdkfvMQvogVsAuz5JUcBDjgZHXxlKoA==}
    engines: {node: '>=14.21.3'}
    cpu: [arm64]
    os: [win32]

  '@biomejs/cli-win32-x64@2.1.2':
    resolution: {integrity: sha512-9zajnk59PMpjBkty3bK2IrjUsUHvqe9HWwyAWQBjGLE7MIBjbX2vwv1XPEhmO2RRuGoTkVx3WCanHrjAytICLA==}
    engines: {node: '>=14.21.3'}
    cpu: [x64]
    os: [win32]

  '@elysiajs/cors@1.3.3':
    resolution: {integrity: sha512-mYIU6PyMM6xIJuj7d27Vt0/wuzVKIEnFPjcvlkyd7t/m9xspAG37cwNjFxVOnyvY43oOd2I/oW2DB85utXpA2Q==}
    peerDependencies:
      elysia: '>= 1.3.0'

  '@elysiajs/eden@1.3.2':
    resolution: {integrity: sha512-0bCU5DO7J7hQfS2y3O3399GtoxMWRDMgQNMTHOnf70/F2nF8SwGHvzwh3+wO62Ko5FMF7EYqTN9Csw/g/Q7qwg==}
    peerDependencies:
      elysia: '>= 1.3.0'

  '@elysiajs/server-timing@1.3.0':
    resolution: {integrity: sha512-c5Ay0Va7gIWjJ9CawHx05UtKP6UQVkMKCFnf16eBG0G/GgUkrMMGHWD/duCBaDbeRwbbb7IwHDoaFvStWrB2IQ==}
    peerDependencies:
      elysia: '>= 1.3.0'

  '@elysiajs/swagger@1.3.0':
    resolution: {integrity: sha512-0fo3FWkDRPNYpowJvLz3jBHe9bFe6gruZUyf+feKvUEEMG9ZHptO1jolSoPE0ffFw1BgN1/wMsP19p4GRXKdfg==}
    peerDependencies:
      elysia: '>= 1.3.0'

  '@jridgewell/sourcemap-codec@1.5.4':
    resolution: {integrity: sha512-VT2+G1VQs/9oz078bLrYbecdZKs912zQlkelYpuf+SXF+QvZDYJlbx/LSx+meSAwdDFnF8FVXW92AVjjkVmgFw==}

  '@noble/hashes@1.8.0':
    resolution: {integrity: sha512-jCs9ldd7NwzpgXDIf6P3+NrHh9/sD6CQdxHyjQI+h/6rDNo88ypBxxz45UDuZHz9r3tNz7N/VInSVoVdtXEI4A==}
    engines: {node: ^14.21.3 || >=16}

  '@paralleldrive/cuid2@2.2.2':
    resolution: {integrity: sha512-ZOBkgDwEdoYVlSeRbYYXs0S9MejQofiVYoTbKzy/6GQa39/q5tQU2IX46+shYnUkpEl3wc+J6wRlar7r2EK2xA==}

  '@rollup/pluginutils@5.2.0':
    resolution: {integrity: sha512-qWJ2ZTbmumwiLFomfzTyt5Kng4hwPi9rwCYN4SHb6eaRU1KNO4ccxINHr/VhH4GgPlt1XfSTLX2LBTme8ne4Zw==}
    engines: {node: '>=14.0.0'}
    peerDependencies:
      rollup: ^1.20.0||^2.0.0||^3.0.0||^4.0.0
    peerDependenciesMeta:
      rollup:
        optional: true

  '@ryoppippi/unplugin-typia@2.6.5':
    resolution: {integrity: sha512-Lg7Rho00E6Jn00Gle/Rn6ZWhUJj9U0J0iahfBUqqiXWrLWZdjXbeMCW1+82/7qnVQaqhlgz69hbd3JWYCtYivQ==}
    deprecated: Package no longer supported. Contact Support at https://www.npmjs.com/support for more info.
    peerDependencies:
      svelte: ^5.28.2
      typescript: '>=4.8.0 <5.9.0'
      typia: '>=9.3.0'
      vite: '>=3.0.0'
    peerDependenciesMeta:
      svelte:
        optional: true
      vite:
        optional: true

  '@samchon/openapi@4.6.0':
    resolution: {integrity: sha512-h6NunOljbRJ1qiPIJCIckF0k3n3jBJZSSCFy/AjbmHSrAFwMeewHkWtTwQrZztVzcD0LsSQgTGRvPX1bclnVuA==}

  '@scalar/openapi-types@0.1.1':
    resolution: {integrity: sha512-NMy3QNk6ytcCoPUGJH0t4NNr36OWXgZhA3ormr3TvhX1NDgoF95wFyodGVH8xiHeUyn2/FxtETm8UBLbB5xEmg==}
    engines: {node: '>=18'}

  '@scalar/openapi-types@0.2.0':
    resolution: {integrity: sha512-waiKk12cRCqyUCWTOX0K1WEVX46+hVUK+zRPzAahDJ7G0TApvbNkuy5wx7aoUyEk++HHde0XuQnshXnt8jsddA==}
    engines: {node: '>=18'}

  '@scalar/themes@0.9.86':
    resolution: {integrity: sha512-QUHo9g5oSWi+0Lm1vJY9TaMZRau8LHg+vte7q5BVTBnu6NuQfigCaN+ouQ73FqIVd96TwMO6Db+dilK1B+9row==}
    engines: {node: '>=18'}

  '@scalar/types@0.0.12':
    resolution: {integrity: sha512-XYZ36lSEx87i4gDqopQlGCOkdIITHHEvgkuJFrXFATQs9zHARop0PN0g4RZYWj+ZpCUclOcaOjbCt8JGe22mnQ==}
    engines: {node: '>=18'}

  '@scalar/types@0.1.7':
    resolution: {integrity: sha512-irIDYzTQG2KLvFbuTI8k2Pz/R4JR+zUUSykVTbEMatkzMmVFnn1VzNSMlODbadycwZunbnL2tA27AXed9URVjw==}
    engines: {node: '>=18'}

  '@sinclair/typebox@0.34.35':
    resolution: {integrity: sha512-C6ypdODf2VZkgRT6sFM8E1F8vR+HcffniX0Kp8MsU8PIfrlXbNCBz0jzj17GjdmjTx1OtZzdH8+iALL21UjF5A==}

  '@standard-schema/spec@1.0.0':
    resolution: {integrity: sha512-m2bOd0f2RT9k8QJx1JN85cZYyH1RqFBdlwtkSlf4tBDYLCiiZnv1fIIwacK6cqwXavOydf0NPToMQgpKq+dVlA==}

  '@tokenizer/inflate@0.2.7':
    resolution: {integrity: sha512-MADQgmZT1eKjp06jpI2yozxaU9uVs4GzzgSL+uEq7bVcJ9V1ZXQkeGNql1fsSI0gMy1vhvNTNbUqrx+pZfJVmg==}
    engines: {node: '>=18'}

  '@tokenizer/token@0.3.0':
    resolution: {integrity: sha512-OvjF+z51L3ov0OyAU0duzsYuvO01PH7x4t6DJx+guahgTnBHkhJdG7soQeTSFLWN3efnHyibZ4Z8l2EuWwJN3A==}

  '@types/bun@1.2.19':
    resolution: {integrity: sha512-d9ZCmrH3CJ2uYKXQIUuZ/pUnTqIvLDS0SK7pFmbx8ma+ziH/FRMoAq5bYpRG7y+w1gl+HgyNZbtqgMq4W4e2Lg==}

  '@types/estree@1.0.8':
    resolution: {integrity: sha512-dWHzHa2WqEXI/O1E9OjrocMTKJl2mSrEolh1Iomrv6U+JuNwaHXsXx9bLu5gG7BUWFIN0skIQJQ/L1rIex4X6w==}

  '@types/node@24.0.3':
    resolution: {integrity: sha512-R4I/kzCYAdRLzfiCabn9hxWfbuHS573x+r0dJMkkzThEa7pbrcDWK+9zu3e7aBOouf+rQAciqPFMnxwr0aWgKg==}

  '@types/react@19.1.8':
    resolution: {integrity: sha512-AwAfQ2Wa5bCx9WP8nZL2uMZWod7J7/JSplxbTmBQ5ms6QpqNYm672H0Vu9ZVKVngQ+ii4R/byguVEUZQyeg44g==}

  '@unhead/schema@1.11.20':
    resolution: {integrity: sha512-0zWykKAaJdm+/Y7yi/Yds20PrUK7XabLe9c3IRcjnwYmSWY6z0Cr19VIs3ozCj8P+GhR+/TI2mwtGlueCEYouA==}

  acorn@8.15.0:
    resolution: {integrity: sha512-NZyJarBfL7nWwIq+FDL6Zp/yHEhePMNnnJ0y3qfieCrmNvYct8uvtiV41UvlSe6apAfk0fY1FbWx+NwfmpvtTg==}
    engines: {node: '>=0.4.0'}
    hasBin: true

  ansi-escapes@4.3.2:
    resolution: {integrity: sha512-gKXj5ALrKWQLsYG9jlTRmR/xKluxHV+Z9QEwNIgCfM1/uwPMCuzVVnh5mwTd+OuBZcwSIMbqssNWRm1lE51QaQ==}
    engines: {node: '>=8'}

  ansi-regex@5.0.1:
    resolution: {integrity: sha512-quJQXlTSUGL2LH9SUXo8VwsY4soanhgo6LNSm84E1LBcE8s3O0wpdiRzyR9z/ZZJMlMWv37qOOb9pdJlMUEKFQ==}
    engines: {node: '>=8'}

  ansi-styles@4.3.0:
    resolution: {integrity: sha512-zbB9rCJAT1rbjiVDb2hqKFHNYLxgtk8NURxZ3IZwD3F6NtxbXZQCnnSi1Lkx+IDohdPlFp222wVALIheZJQSEg==}
    engines: {node: '>=8'}

  array-timsort@1.0.3:
    resolution: {integrity: sha512-/+3GRL7dDAGEfM6TseQk/U+mi18TU2Ms9I3UlLdUMhz2hbvGNTKdj9xniwXfUqgYhHxRx0+8UnKkvlNwVU+cWQ==}

  base64-js@1.5.1:
    resolution: {integrity: sha512-AKpaYlHn8t4SVbOHCy+b5+KKgvR4vrsD8vbvrbiQJps7fKDTkjkDry6ji0rUJjC0kzbNePLwzxq8iypo41qeWA==}

  bl@4.1.0:
    resolution: {integrity: sha512-1W07cM9gS6DcLperZfFSj+bWLtaPGSOHWhPiGzXmvVJbRLdG82sH/Kn8EtW1VqWVA54AKf2h5k5BbnIbwF3h6w==}

  buffer@5.7.1:
    resolution: {integrity: sha512-EHcyIPBQ4BSGlvjB16k5KgAJ27CIsHY/2JBmCRReo48y9rQ3MaUzWX3KVlBa4U7MyX02HdVj0K7C3WaB3ju7FQ==}

  bun-only@0.0.1:
    resolution: {integrity: sha512-eQdy3eKF3MPcrwhvDq/7BykQ9kpl9Lu/zJ9IcL1AsjZ4vct68Du8reZisptp7YL8b65iImMf9j06xmGUNsc2rQ==}

  bun-types@1.2.16:
    resolution: {integrity: sha512-ciXLrHV4PXax9vHvUrkvun9VPVGOVwbbbBF/Ev1cXz12lyEZMoJpIJABOfPcN9gDJRaiKF9MVbSygLg4NXu3/A==}

  bun-types@1.2.19:
    resolution: {integrity: sha512-uAOTaZSPuYsWIXRpj7o56Let0g/wjihKCkeRqUBhlLVM/Bt+Fj9xTo+LhC1OV1XDaGkz4hNC80et5xgy+9KTHQ==}
    peerDependencies:
      '@types/react': ^19

  chalk@4.1.2:
    resolution: {integrity: sha512-oKnbhFyRIXpUuez8iBMmyEa4nbj4IOQyuhc/wy9kY7/WVPcwIO9VA668Pu8RkO7+0G76SLROeyw9CpQ061i4mA==}
    engines: {node: '>=10'}

  chalk@5.4.1:
    resolution: {integrity: sha512-zgVZuo2WcZgfUEmsn6eO3kINexW8RAE4maiQ8QNs8CtpPCSyMiYsULR3HQYkm3w8FIA3SberyMJMSldGsW+U3w==}
    engines: {node: ^12.17.0 || ^14.13 || >=16.0.0}

  chardet@0.7.0:
    resolution: {integrity: sha512-mT8iDcrh03qDGRRmoA2hmBJnxpllMR+0/0qlzjqZES6NdiWDcZkCNAk4rPFZ9Q85r27unkiNNg8ZOiwZXBHwcA==}

  cli-cursor@3.1.0:
    resolution: {integrity: sha512-I/zHAwsKf9FqGoXM4WWRACob9+SNukZTd94DWF57E4toouRulbCxcUh6RKUEOQlYTHJnzkPMySvPNaaSLNfLZw==}
    engines: {node: '>=8'}

  cli-spinners@2.9.2:
    resolution: {integrity: sha512-ywqV+5MmyL4E7ybXgKys4DugZbX0FC6LnwrhjuykIjnK9k8OQacQ7axGKnjDXWNhns0xot3bZI5h55H8yo9cJg==}
    engines: {node: '>=6'}

  cli-width@3.0.0:
    resolution: {integrity: sha512-FxqpkPPwu1HjuN93Omfm4h8uIanXofW0RxVEW3k5RKx+mJJYSthzNhp32Kzxxy3YAEZ/Dc/EWN1vZRY0+kOhbw==}
    engines: {node: '>= 10'}

  clone@1.0.4:
    resolution: {integrity: sha512-JQHZ2QMW6l3aH/j6xCqQThY/9OH4D/9ls34cgkUBiEeocRTU04tHfKPBsUK1PqZCUQM7GiA0IIXJSuXHI64Kbg==}
    engines: {node: '>=0.8'}

  color-convert@2.0.1:
    resolution: {integrity: sha512-RRECPsj7iu/xb5oKYcsFHSppFNnsj/52OVTRKb4zP5onXwVF3zVmmToNcOfGC+CRDpfK/U584fMg38ZHCaElKQ==}
    engines: {node: '>=7.0.0'}

  color-name@1.1.4:
    resolution: {integrity: sha512-dOy+3AuW3a2wNbZHIuMZpTcgjGuLU/uBL/ubcZF9OXbDo8ff4O8yVp5Bf0efS8uEoYo5q4Fx7dY9OgQGXgAsQA==}

  commander@10.0.1:
    resolution: {integrity: sha512-y4Mg2tXshplEbSGzx7amzPwKKOCGuoSRP/CjEdwwk0FOGlUbq6lKuoyDZTNZkmxHdJtp54hdfY/JUrdL7Xfdug==}
    engines: {node: '>=14'}

  commander@14.0.0:
    resolution: {integrity: sha512-2uM9rYjPvyq39NwLRqaiLtWHyDC1FvryJDa2ATTVims5YAS4PupsEQsDvP14FqhFr0P49CYDugi59xaxJlTXRA==}
    engines: {node: '>=20'}

  comment-json@4.2.5:
    resolution: {integrity: sha512-bKw/r35jR3HGt5PEPm1ljsQQGyCrR8sFGNiN5L+ykDHdpO8Smxkrkla9Yi6NkQyUrb8V54PGhfMs6NrIwtxtdw==}
    engines: {node: '>= 6'}

  common-path-prefix@3.0.0:
    resolution: {integrity: sha512-QE33hToZseCH3jS0qN96O/bSh3kaw/h+Tq7ngyY9eWDUnTlTNUyqfqvCXioLe5Na5jFsL78ra/wuBU4iuEgd4w==}

  confbox@0.2.2:
    resolution: {integrity: sha512-1NB+BKqhtNipMsov4xI/NnhCKp9XG9NamYp5PVm9klAT0fsrNPjaFICsCFhNhwZJKNh7zB/3q8qXz0E9oaMNtQ==}

  consola@3.4.2:
    resolution: {integrity: sha512-5IKcdX0nnYavi6G7TtOhwkYzyjfJlatbjMjuLSfE2kYT5pMDOilZ4OvMhi637CcDICTmz3wARPoyhqyX1Y+XvA==}
    engines: {node: ^14.18.0 || >=16.10.0}

  cookie@1.0.2:
    resolution: {integrity: sha512-9Kr/j4O16ISv8zBBhJoi4bXOYNTkFLOqSL3UDB0njXxCXNezjeyVrJyGOWtgfs/q2km1gwBcfH8q1yEGoMYunA==}
    engines: {node: '>=18'}

  core-util-is@1.0.3:
    resolution: {integrity: sha512-ZQBvi1DcpJ4GDqanjucZ2Hj3wEO5pZDS89BWbkcrvdxksJorwUDDZamX9ldFkp9aw2lmBDLgkObEA4DWNJ9FYQ==}

  csstype@3.1.3:
    resolution: {integrity: sha512-M1uQkMl8rQK/szD0LNhtqxIPLpimGm8sOBwU7lLnCpSbTyY3yeU1Vc7l4KT5zT4s/yOxHH5O7tIuuLOCnLADRw==}

  debug@4.4.1:
    resolution: {integrity: sha512-KcKCqiftBJcZr++7ykoDIEwSa3XWowTfNPo92BYxjXiyYEVrUQh2aLyhxBCwww+heortUFxEJYcRzosstTEBYQ==}
    engines: {node: '>=6.0'}
    peerDependencies:
      supports-color: '*'
    peerDependenciesMeta:
      supports-color:
        optional: true

  defaults@1.0.4:
    resolution: {integrity: sha512-eFuaLoy/Rxalv2kr+lqMlUnrDWV+3j4pljOIJgLIhI058IQfWJ7vXhyEIHu+HtC738klGALYxOKDO0bQP3tg8A==}

  defu@6.1.4:
    resolution: {integrity: sha512-mEQCMmwJu317oSz8CwdIOdwf3xMif1ttiM8LTufzc3g6kR+9Pe236twL8j3IYT1F7GfRgGcW6MWxzZjLIkuHIg==}

  diff-match-patch-es@1.0.1:
    resolution: {integrity: sha512-KhSofrZDERg/NE6Nd+TK53knp2qz0o2Ix8rhkXd3Chfm7Wlo58Eq/juNmkyS6bS+3xS26L3Pstz3BdY/q+e9UQ==}

  dotenv@16.6.1:
    resolution: {integrity: sha512-uBq4egWHTcTt33a72vpSG0z3HnPuIl6NqYcTrKEg2azoEyl2hpW0zqlxysq2pK9HlDIHyHyakeYaYnSAwd8bow==}
    engines: {node: '>=12'}

  drange@1.1.1:
    resolution: {integrity: sha512-pYxfDYpued//QpnLIm4Avk7rsNtAtQkUES2cwAYSvD/wd2pKD71gN2Ebj3e7klzXwjocvE8c5vx/1fxwpqmSxA==}
    engines: {node: '>=4'}

  elysia@1.3.5:
    resolution: {integrity: sha512-XVIKXlKFwUT7Sta8GY+wO5reD9I0rqAEtaz1Z71UgJb61csYt8Q3W9al8rtL5RgumuRR8e3DNdzlUN9GkC4KDw==}
    peerDependencies:
      exact-mirror: '>= 0.0.9'
      file-type: '>= 20.0.0'
      typescript: '>= 5.0.0'

  emoji-regex@8.0.0:
    resolution: {integrity: sha512-MSjYzcWNOA0ewAHpz0MxpYFvwg6yjy1NG3xteoqz644VCo/RPgnr1/GGt+ic3iJTzQ8Eu3TdM14SawnVUmGE6A==}

  escape-string-regexp@1.0.5:
    resolution: {integrity: sha512-vbRorB5FUQWvla16U8R/qgaFIya2qGzwDrNmCZuYKrbdSUMG6I1ZCGQRefkRVhuOkIGVne7BQ35DSfo1qvJqFg==}
    engines: {node: '>=0.8.0'}

  esprima@4.0.1:
    resolution: {integrity: sha512-eGuFFw7Upda+g4p+QHvnW0RyTX/SVeJBDM/gCtMARO0cLuT2HcEKnTPvhjV6aGeqrCB/sbNop0Kszm0jsaWU4A==}
    engines: {node: '>=4'}
    hasBin: true

  estree-walker@2.0.2:
    resolution: {integrity: sha512-Rfkk/Mp/DL7JVje3u18FxFujQlTNR2q6QfMSMB7AvCBx91NGj/ba3kCfza0f6dVDbw7YlRf/nDrn7pQrCCyQ/w==}

  exact-mirror@0.1.2:
    resolution: {integrity: sha512-wFCPCDLmHbKGUb8TOi/IS7jLsgR8WVDGtDK3CzcB4Guf/weq7G+I+DkXiRSZfbemBFOxOINKpraM6ml78vo8Zw==}
    peerDependencies:
      '@sinclair/typebox': ^0.34.15
    peerDependenciesMeta:
      '@sinclair/typebox':
        optional: true

  exsolve@1.0.7:
    resolution: {integrity: sha512-VO5fQUzZtI6C+vx4w/4BWJpg3s/5l+6pRQEHzFRM8WFi4XffSP1Z+4qi7GbjWbvRQEbdIco5mIMq+zX4rPuLrw==}

  external-editor@3.1.0:
    resolution: {integrity: sha512-hMQ4CX1p1izmuLYyZqLMO/qGNw10wSv9QDCPfzXfyFrOaCSSoRfqE1Kf1s5an66J5JZC62NewG+mK49jOCtQew==}
    engines: {node: '>=4'}

  fast-decode-uri-component@1.0.1:
    resolution: {integrity: sha512-WKgKWg5eUxvRZGwW8FvfbaH7AXSh2cL+3j5fMGzUMCxWBJ3dV3a7Wz8y2f/uQ0e3B6WmodD3oS54jTQ9HVTIIg==}

  fflate@0.8.2:
    resolution: {integrity: sha512-cPJU47OaAoCbg0pBvzsgpTPhmhqI5eJjh/JIu8tPj5q+T7iLvW/JAYUqmE7KOB4R1ZyEhzBaIQpQpardBF5z8A==}

  figures@3.2.0:
    resolution: {integrity: sha512-yaduQFRKLXYOGgEn6AZau90j3ggSOyiqXU0F9JZfeXYhNa+Jk4X+s45A2zg5jns87GAFa34BBm2kXw4XpNcbdg==}
    engines: {node: '>=8'}

  file-type@21.0.0:
    resolution: {integrity: sha512-ek5xNX2YBYlXhiUXui3D/BXa3LdqPmoLJ7rqEx2bKJ7EAUEfmXgW0Das7Dc6Nr9MvqaOnIqiPV0mZk/r/UpNAg==}
    engines: {node: '>=20'}

  find-cache-dir@5.0.0:
    resolution: {integrity: sha512-OuWNfjfP05JcpAP3JPgAKUhWefjMRfI5iAoSsvE24ANYWJaepAtlSgWECSVEuRgSXpyNEc9DJwG/TZpgcOqyig==}
    engines: {node: '>=16'}

  find-up@6.3.0:
    resolution: {integrity: sha512-v2ZsoEuVHYy8ZIlYqwPe/39Cy+cFDzp4dXPaxNvkEuouymu+2Jbz0PxpKarJHYJTmv2HWT3O382qY8l4jMWthw==}
    engines: {node: ^12.20.0 || ^14.13.1 || >=16.0.0}

  function-bind@1.1.2:
    resolution: {integrity: sha512-7XHNxH7qX9xG5mIwxkhumTox/MIRNcOgDrxWsMt2pAr23WHp6MrRlN7FBSFpCpr+oVO0F744iUgR82nJMfG2SA==}

  global-prefix@4.0.0:
    resolution: {integrity: sha512-w0Uf9Y9/nyHinEk5vMJKRie+wa4kR5hmDbEhGGds/kG1PwGLLHKRoNMeJOyCQjjBkANlnScqgzcFwGHgmgLkVA==}
    engines: {node: '>=16'}

  has-flag@4.0.0:
    resolution: {integrity: sha512-EykJT/Q1KjTWctppgIAgfSO0tKVuZUjhgMr17kqTumMl6Afv3EISleU7qZUzoXDFTAHTDC4NOoG/ZxU3EvlMPQ==}
    engines: {node: '>=8'}

  has-own-prop@2.0.0:
    resolution: {integrity: sha512-Pq0h+hvsVm6dDEa8x82GnLSYHOzNDt7f0ddFa3FqcQlgzEiptPqL+XrOJNavjOzSYiYWIrgeVYYgGlLmnxwilQ==}
    engines: {node: '>=8'}

  hasown@2.0.2:
    resolution: {integrity: sha512-0hJU9SCPvmMzIBdZFqNPXWa6dqh7WdH0cII9y+CyS8rG3nL48Bclra9HmKhVVUHyPWNH5Y7xDwAB7bfgSjkUMQ==}
    engines: {node: '>= 0.4'}

  hookable@5.5.3:
    resolution: {integrity: sha512-Yc+BQe8SvoXH1643Qez1zqLRmbA5rCL+sSmk6TVos0LWVfNIB7PGncdlId77WzLGSIB5KaWgTaNTs2lNVEI6VQ==}

  iconv-lite@0.4.24:
    resolution: {integrity: sha512-v3MXnZAcvnywkTUEZomIActle7RXXeedOR31wwl7VlyoXO4Qi9arvSenNQWne1TcRwhCL1HwLI21bEqdpj8/rA==}
    engines: {node: '>=0.10.0'}

  ieee754@1.2.1:
    resolution: {integrity: sha512-dcyqhDvX1C46lXZcVqCpK+FtMRQVdIMN6/Df5js2zouUsqG7I6sFxitIC+7KYK29KdXOLHdu9zL4sFnoVQnqaA==}

  inherits@2.0.4:
    resolution: {integrity: sha512-k/vGaX4/Yla3WzyMCvTQOXYeIHvqOKtnqBduzTHpzpQZzAskKMhZ2K+EnBiSM9zGSoIFeMpXKxa4dYeZIQqewQ==}

  ini@4.1.3:
    resolution: {integrity: sha512-X7rqawQBvfdjS10YU1y1YVreA3SsLrW9dX2CewP2EbBJM4ypVNLDkO5y04gejPwKIY9lR+7r9gn3rFPt/kmWFg==}
    engines: {node: ^14.17.0 || ^16.13.0 || >=18.0.0}

  inquirer@8.2.6:
    resolution: {integrity: sha512-M1WuAmb7pn9zdFRtQYk26ZBoY043Sse0wVDdk4Bppr+JOXyQYybdtvK+l9wUibhtjdjvtoiNy8tk+EgsYIUqKg==}
    engines: {node: '>=12.0.0'}

  is-core-module@2.16.1:
    resolution: {integrity: sha512-UfoeMA6fIJ8wTYFEUjelnaGI67v6+N7qXJEvQuIGa99l4xsCruSYOVSQ0uPANn4dAzm8lkYPaKLrrijLq7x23w==}
    engines: {node: '>= 0.4'}

  is-fullwidth-code-point@3.0.0:
    resolution: {integrity: sha512-zymm5+u+sCsSWyD9qNaejV3DFvhCKclKdizYaJUuHA83RLjb7nSuGnddCHGv0hk+KY7BMAlsWeK4Ueg6EV6XQg==}
    engines: {node: '>=8'}

  is-interactive@1.0.0:
    resolution: {integrity: sha512-2HvIEKRoqS62guEC+qBjpvRubdX910WCMuJTZ+I9yvqKU2/12eSL549HMwtabb4oupdj2sMP50k+XJfB/8JE6w==}
    engines: {node: '>=8'}

  is-unicode-supported@0.1.0:
    resolution: {integrity: sha512-knxG2q4UC3u8stRGyAVJCOdxFmv5DZiRcdlIaAQXAbSfJya+OhopNotLQrstBhququ4ZpuKbDc/8S6mgXgPFPw==}
    engines: {node: '>=10'}

  isexe@3.1.1:
    resolution: {integrity: sha512-LpB/54B+/2J5hqQ7imZHfdU31OlgQqx7ZicVlkm9kzg9/w8GKLEcFfJl/t7DCEDueOyBAD6zCCwTO6Fzs0NoEQ==}
    engines: {node: '>=16'}

  kind-of@6.0.3:
    resolution: {integrity: sha512-dcS1ul+9tmeD95T+x28/ehLgd9mENa3LsvDTtzm3vyBEO7RPptvAD+t44WVXaUjTBRcrpFeFlC8WCruUR456hw==}
    engines: {node: '>=0.10.0'}

  lefthook-darwin-arm64@1.12.2:
    resolution: {integrity: sha512-fTxeI9tEskrHjc3QyEO+AG7impBXY2Ed8V5aiRc3fw9POfYtVh9b5jRx90fjk2+ld5hf+Z1DsyyLq/vOHDFskQ==}
    cpu: [arm64]
    os: [darwin]

  lefthook-darwin-x64@1.12.2:
    resolution: {integrity: sha512-T1dCDKAAfdHgYZ8qtrS02SJSHoR52RFcrGArFNll9Mu4ZSV19Sp8BO+kTwDUOcLYdcPGNaqOp9PkRBQGZWQC7g==}
    cpu: [x64]
    os: [darwin]

  lefthook-freebsd-arm64@1.12.2:
    resolution: {integrity: sha512-2n9z7Q4BKeMBoB9cuEdv0UBQH82Z4GgBQpCrfjCtyzpDnYQwrH8Tkrlnlko4qPh9MM6nLLGIYMKsA5nltzo8Cg==}
    cpu: [arm64]
    os: [freebsd]

  lefthook-freebsd-x64@1.12.2:
    resolution: {integrity: sha512-1hNY/irY+/3kjRzKoJYxG+m3BYI8QxopJUK1PQnknGo1Wy5u302SdX+tR7pnpz6JM5chrNw4ozSbKKOvdZ5VEw==}
    cpu: [x64]
    os: [freebsd]

  lefthook-linux-arm64@1.12.2:
    resolution: {integrity: sha512-1W4swYIVRkxq/LFTuuK4oVpd6NtTKY4E3VY2Uq2JDkIOJV46+8qGBF+C/QA9K3O9chLffgN7c+i+NhIuGiZ/Vw==}
    cpu: [arm64]
    os: [linux]

  lefthook-linux-x64@1.12.2:
    resolution: {integrity: sha512-J6VGuMfhq5iCsg1Pv7xULbuXC63gP5LaikT0PhkyBNMi3HQneZFDJ8k/sp0Ue9HkQv6QfWIo3/FgB9gz38MCFw==}
    cpu: [x64]
    os: [linux]

  lefthook-openbsd-arm64@1.12.2:
    resolution: {integrity: sha512-wncDRW3ml24DaOyH22KINumjvCohswbQqbxyH2GORRCykSnE859cTjOrRIchTKBIARF7PSeGPUtS7EK0+oDbaw==}
    cpu: [arm64]
    os: [openbsd]

  lefthook-openbsd-x64@1.12.2:
    resolution: {integrity: sha512-2jDOkCHNnc/oK/vR62hAf3vZb1EQ6Md2GjIlgZ/V7A3ztOsM8QZ5IxwYN3D1UOIR5ZnwMBy7PtmTJC/HJrig5w==}
    cpu: [x64]
    os: [openbsd]

  lefthook-windows-arm64@1.12.2:
    resolution: {integrity: sha512-ZMH/q6UNSidhHEG/1QoqIl1n4yPTBWuVmKx5bONtKHicoz4QCQ+QEiNjKsG5OO4C62nfyHGThmweCzZVUQECJw==}
    cpu: [arm64]
    os: [win32]

  lefthook-windows-x64@1.12.2:
    resolution: {integrity: sha512-TqT2jIPcTQ9uwaw+v+DTmvnUHM/p7bbsSrPoPX+fRXSGLzFjyiY+12C9dObSwfCQq6rT70xqQJ9AmftJQsa5/Q==}
    cpu: [x64]
    os: [win32]

  lefthook@1.12.2:
    resolution: {integrity: sha512-2CeTu5NcmoT9YnqsHTq/TF36MlqlzHzhivGx3DrXHwcff4TdvrkIwUTA56huM3Nlo5ODAF/0hlPzaKLmNHCBnQ==}
    hasBin: true

  locate-path@7.2.0:
    resolution: {integrity: sha512-gvVijfZvn7R+2qyPX8mAuKcFGDf6Nc61GdvGafQsHL0sBIxfKzA+usWn4GFC/bk+QdwPUD4kWFJLhElipq+0VA==}
    engines: {node: ^12.20.0 || ^14.13.1 || >=16.0.0}

  lodash@4.17.21:
    resolution: {integrity: sha512-v2kDEe57lecTulaDIuNTPy3Ry4gLGJ6Z1O3vE1krgXZNrsQ+LFTGHVxVjcXPs17LhbZVGedAJv8XZ1tvj5FvSg==}

  log-symbols@4.1.0:
    resolution: {integrity: sha512-8XPvpAA8uyhfteu8pIvQxpJZ7SYYdpUivZpGy6sFsBuKRY/7rQGavedeB8aK+Zkyq6upMFVL/9AW6vOYzfRyLg==}
    engines: {node: '>=10'}

  logixlysia@5.0.0:
    resolution: {integrity: sha512-aGCR31NtoZnXYmzfaaVJGkrAH3eV65cZe8ALWKA/C29KGMCpt2OVYfcEuSQj8evLOPUCn/65t19jgU1m9JJ/Ow==}
    os: [darwin, linux, win32]
    peerDependencies:
      typescript: ^5.2.2

  magic-string@0.30.17:
    resolution: {integrity: sha512-sNPKHvyjVf7gyjwS4xGTaW/mCnF8wnjtifKBEhxfZ7E/S8tQ0rssrwGNn6q8JH/ohItJfSQp9mBtQYuTlH5QnA==}

  mimic-fn@2.1.0:
    resolution: {integrity: sha512-OqbOk5oEQeAZ8WXWydlu9HJjz9WVdEIvamMCcXmuqUYjTknH/sqsWvhQ3vgwKFRR1HpjvNBKQ37nbJgYzGqGcg==}
    engines: {node: '>=6'}

  minimist@1.2.8:
    resolution: {integrity: sha512-2yyAR8qBkN3YuheJanUpWC5U3bb5osDywNB8RzDVlDwDHbocAJveqqj1u8+SVD7jkWT4yvsHCpWqqWqAxb0zCA==}

  ms@2.1.3:
    resolution: {integrity: sha512-6FlzubTLZG3J2a/NVCAleEhjzq5oxgHyaCU9yYXvcLsvoVaHJq/s5xXI6/XXP6tz7R9xAOtHnSO/tXtF3WRTlA==}

  mute-stream@0.0.8:
    resolution: {integrity: sha512-nnbWWOkoWyUsTjKrhgD0dcz22mdkSnpYqbEjIm2nhwhuxlSkpywJmBo8h0ZqJdkp73mb90SssHkN4rsRaBAfAA==}

  nanoid@5.1.5:
    resolution: {integrity: sha512-Ir/+ZpE9fDsNH0hQ3C68uyThDXzYcim2EqcZ8zn8Chtt1iylPT9xXJB0kPCnqzgcEGikO9RxSrh63MsmVCU7Fw==}
    engines: {node: ^18 || >=20}
    hasBin: true

  onetime@5.1.2:
    resolution: {integrity: sha512-kbpaSSGJTWdAY5KPVeMOKXSrPtr8C8C7wodJbcsd51jRnmD+GZu8Y0VoU6Dm5Z4vWr0Ig/1NKuWRKf7j5aaYSg==}
    engines: {node: '>=6'}

  openapi-types@12.1.3:
    resolution: {integrity: sha512-N4YtSYJqghVu4iek2ZUvcN/0aqH1kRDuNqzcycDxhOUpg7GdvLa2F3DgS6yBNhInhv2r/6I0Flkn7CqL8+nIcw==}

  ora@5.4.1:
    resolution: {integrity: sha512-5b6Y85tPxZZ7QytO+BQzysW31HJku27cRIlkbAXaNx+BdcVi+LlRFmVXzeF6a7JCwJpyw5c4b+YSVImQIrBpuQ==}
    engines: {node: '>=10'}

  os-tmpdir@1.0.2:
    resolution: {integrity: sha512-D2FR03Vir7FIu45XBY20mTb+/ZSWB00sjU9jdQXt83gDrI4Ztz5Fs7/yy74g2N5SVQY4xY1qDr4rNddwYRVX0g==}
    engines: {node: '>=0.10.0'}

  p-limit@4.0.0:
    resolution: {integrity: sha512-5b0R4txpzjPWVw/cXXUResoD4hb6U/x9BH08L7nw+GN1sezDzPdxeRvpc9c433fZhBan/wusjbCsqwqm4EIBIQ==}
    engines: {node: ^12.20.0 || ^14.13.1 || >=16.0.0}

  p-locate@6.0.0:
    resolution: {integrity: sha512-wPrq66Llhl7/4AGC6I+cqxT07LhXvWL08LNXz1fENOw0Ap4sRZZ/gZpTTJ5jpurzzzfS2W/Ge9BY3LgLjCShcw==}
    engines: {node: ^12.20.0 || ^14.13.1 || >=16.0.0}

  package-manager-detector@0.2.11:
    resolution: {integrity: sha512-BEnLolu+yuz22S56CU1SUKq3XC3PkwD5wv4ikR4MfGvnRVcmzXR9DwSlW2fEamyTPyXHomBJRzgapeuBvRNzJQ==}

  path-exists@5.0.0:
    resolution: {integrity: sha512-RjhtfwJOxzcFmNOi6ltcbcu4Iu+FL3zEj83dk4kAS+fVpTxXLO1b38RvJgT/0QwvV/L3aY9TAnyv0EOqW4GoMQ==}
    engines: {node: ^12.20.0 || ^14.13.1 || >=16.0.0}

  path-parse@1.0.7:
    resolution: {integrity: sha512-LDJzPVEEEPR+y48z93A0Ed0yXb8pAByGWo/k5YYdYgpY2/2EsOsksJrq7lOHxryrVOn1ejG6oAp8ahvOIQD8sw==}

  pathe@1.1.2:
    resolution: {integrity: sha512-whLdWMYL2TwI08hn8/ZqAbrVemu0LNaNNJZX73O6qaIdCTfXutsLhMkjdENX0qhsQ9uIimo4/aQOmXkoon2nDQ==}

  pathe@2.0.3:
    resolution: {integrity: sha512-WUjGcAqP1gQacoQe+OBJsFA7Ld4DyXuUIjZ5cc75cLHvJ7dtNsTugphxIADwspS+AraAUePCKrSVtPLFj/F88w==}

  picomatch@4.0.3:
    resolution: {integrity: sha512-5gTmgEY/sqK6gFXLIsQNH19lWb4ebPDLA4SdLP7dsWkIXHWlG66oPuVvXSGFPppYZz8ZDZq0dYYrbHfBCVUb1Q==}
    engines: {node: '>=12'}

  pkg-dir@7.0.0:
    resolution: {integrity: sha512-Ie9z/WINcxxLp27BKOCHGde4ITq9UklYKDzVo1nhk5sqGEXU3FpkwP5GM2voTGJkGd9B3Otl+Q4uwSOeSUtOBA==}
    engines: {node: '>=14.16'}

  pkg-types@2.2.0:
    resolution: {integrity: sha512-2SM/GZGAEkPp3KWORxQZns4M+WSeXbC2HEvmOIJe3Cmiv6ieAJvdVhDldtHqM5J1Y7MrR1XhkBT/rMlhh9FdqQ==}

  quansync@0.2.10:
    resolution: {integrity: sha512-t41VRkMYbkHyCYmOvx/6URnN80H7k4X0lLdBMGsz+maAwrJQYB1djpV6vHrQIBE0WBSGqhtEHrK9U3DWWH8v7A==}

  randexp@0.5.3:
    resolution: {integrity: sha512-U+5l2KrcMNOUPYvazA3h5ekF80FHTUG+87SEAmHZmolh1M+i/WyTCxVzmi+tidIa1tM4BSe8g2Y/D3loWDjj+w==}
    engines: {node: '>=4'}

  readable-stream@3.6.2:
    resolution: {integrity: sha512-9u/sniCrY3D5WdsERHzHE4G2YCXqoG5FTHUiCC4SIbr6XcLZBY05ya9EKjYek9O5xOAwjGq+1JdGBAS7Q9ScoA==}
    engines: {node: '>= 6'}

  repeat-string@1.6.1:
    resolution: {integrity: sha512-PV0dzCYDNfRi1jCDbJzpW7jNNDRuCOG/jI5ctQcGKt/clZD+YcPS3yIlWuTJMmESC8aevCFmWJy5wjAFgNqN6w==}
    engines: {node: '>=0.10'}

  resolve@1.22.10:
    resolution: {integrity: sha512-NPRy+/ncIMeDlTAsuqwKIiferiawhefFJtkNSW0qZJEqMEb+qBt/77B/jGeeek+F0uOeN05CDa6HXbbIgtVX4w==}
    engines: {node: '>= 0.4'}
    hasBin: true

  restore-cursor@3.1.0:
    resolution: {integrity: sha512-l+sSefzHpj5qimhFSE5a8nufZYAM3sBSVMAPtYkmC+4EH2anSGaEMXSD0izRQbu9nfyQ9y5JrVmp7E8oZrUjvA==}
    engines: {node: '>=8'}

  ret@0.2.2:
    resolution: {integrity: sha512-M0b3YWQs7R3Z917WRQy1HHA7Ba7D8hvZg6UE5mLykJxQVE2ju0IXbGlaHPPlkY+WN7wFP+wUMXmBFA0aV6vYGQ==}
    engines: {node: '>=4'}

  run-async@2.4.1:
    resolution: {integrity: sha512-tvVnVv01b8c1RrA6Ep7JkStj85Guv/YrMcwqYQnwjsAS2cTmmPGBBjAjpCW7RrSodNSoE2/qg9O4bceNvUuDgQ==}
    engines: {node: '>=0.12.0'}

  rxjs@7.8.2:
    resolution: {integrity: sha512-dhKf903U/PQZY6boNNtAGdWbG85WAbjT/1xYoZIC7FAY0yWapOBQVsVrDl58W86//e1VpMNBtRV4MaXfdMySFA==}

  safe-buffer@5.2.1:
    resolution: {integrity: sha512-rp3So07KcdmmKbGvgaNxQSJr7bGVSVk5S9Eq1F+ppbRo70+YeaDxkw5Dd8NPN+GD6bjnYm2VuPuCXmpuYvmCXQ==}

  safer-buffer@2.1.2:
    resolution: {integrity: sha512-YZo3K82SD7Riyi0E1EQPojLz7kpepnSQI9IyPbHHg1XXXevb5dJI7tpyN2ADxGcQbHG7vcyRHk0cbwqcQriUtg==}

  semver@7.7.2:
    resolution: {integrity: sha512-RF0Fw+rO5AMf9MAyaRXI4AV0Ulj5lMHqVxxdSgiVbixSCXoEmmX/jk0CuJw4+3SqroYO9VoUh+HcuJivvtJemA==}
    engines: {node: '>=10'}
    hasBin: true

  signal-exit@3.0.7:
    resolution: {integrity: sha512-wnD2ZE+l+SPC/uoS0vXeE9L1+0wuaMqKlfz9AMUo38JsyLSBWSFcHR1Rri62LZc12vLr1gb3jl7iwQhgwpAbGQ==}

  string-width@4.2.3:
    resolution: {integrity: sha512-wKyQRQpjJ0sIp62ErSZdGsjMJWsap5oRNihHhu6G7JVO/9jIB6UyevL+tXuOqrng8j/cxKTWyWUwvSTriiZz/g==}
    engines: {node: '>=8'}

  string_decoder@1.3.0:
    resolution: {integrity: sha512-hkRX8U1WjJFd8LsDJ2yQ/wWWxaopEsABU1XfkM8A+j0+85JAGppt16cr1Whg6KIbb4okU6Mql6BOj+uup/wKeA==}

  strip-ansi@6.0.1:
    resolution: {integrity: sha512-Y38VPSHcqkFrCpFnQ9vuSXmquuv5oXOKpGeT6aGrr3o3Gc9AlVa6JBfUSOCnbxGGZF+/0ooI7KrPuUSztUdU5A==}
    engines: {node: '>=8'}

  strtok3@10.3.1:
    resolution: {integrity: sha512-3JWEZM6mfix/GCJBBUrkA8p2Id2pBkyTkVCJKto55w080QBKZ+8R171fGrbiSp+yMO/u6F8/yUh7K4V9K+YCnw==}
    engines: {node: '>=18'}

  supports-color@7.2.0:
    resolution: {integrity: sha512-qpCAvRl9stuOHveKsn7HncJRvv501qIacKzQlO/+Lwxc9+0q2wLyv4Dfvt80/DPn2pqOBsJdDiogXGR9+OvwRw==}
    engines: {node: '>=8'}

  supports-preserve-symlinks-flag@1.0.0:
    resolution: {integrity: sha512-ot0WnXS9fgdkgIcePe6RHNk1WA8+muPa6cSjeR3V8K27q9BB1rTE3R1p7Hv0z1ZyAc8s6Vvv8DIyWf681MAt0w==}
    engines: {node: '>= 0.4'}

  through@2.3.8:
    resolution: {integrity: sha512-w89qg7PI8wAdvX60bMDP+bFoD5Dvhm9oLheFp5O4a2QF0cSBGsBX4qZmadPMvVqlLJBBci+WqGGOAPvcDeNSVg==}

  tmp@0.0.33:
    resolution: {integrity: sha512-jRCJlojKnZ3addtTOjdIqoRuPEKBvNXcGYqzO6zWZX8KfKEpnGY5jfggJQ3EjKuu8D4bJRr0y+cYJFmYbImXGw==}
    engines: {node: '>=0.6.0'}

  token-types@6.0.0:
    resolution: {integrity: sha512-lbDrTLVsHhOMljPscd0yitpozq7Ga2M5Cvez5AjGg8GASBjtt6iERCAJ93yommPmz62fb45oFIXHEZ3u9bfJEA==}
    engines: {node: '>=14.16'}

  ts-patch@3.3.0:
    resolution: {integrity: sha512-zAOzDnd5qsfEnjd9IGy1IRuvA7ygyyxxdxesbhMdutt8AHFjD8Vw8hU2rMF89HX1BKRWFYqKHrO8Q6lw0NeUZg==}
    hasBin: true

  tslib@2.8.1:
    resolution: {integrity: sha512-oJFu94HQb+KVduSUQL7wnpmqnfmLsOA/nAh6b6EH0wCEoK0/mPeXU6c3wKDV83MkOuHPRHtSXKKU99IBazS/2w==}

  tstl@3.0.0:
    resolution: {integrity: sha512-pR83y6/tbJx6jeGRqGJXk2t/eCUynaHEE6zsOLB0Zga8ej61LXtPfoeiROdhezpoCT15+1QMbqKB1Um5kasSKg==}

  type-fest@0.21.3:
    resolution: {integrity: sha512-t0rzBq87m3fVcduHDUFhKmyyX+9eo6WQjZvf51Ea/M0Q7+T374Jp1aUiyUl0GKxp8M/OETVHSDvmkyPgvX+X2w==}
    engines: {node: '>=10'}

  type-fest@4.41.0:
    resolution: {integrity: sha512-TeTSQ6H5YHvpqVwBRcnLDCBnDOHWYu7IvGbHT6N8AOymcr9PJGjc1GTtiWZTYg0NCgYwvnYWEkVChQAr9bjfwA==}
    engines: {node: '>=16'}

  typescript@5.8.3:
    resolution: {integrity: sha512-p1diW6TqL9L07nNxvRMM7hMMw4c5XOo/1ibL4aAIGmSAt9slTE1Xgw5KWuof2uTOvCg9BY7ZRi+GaF+7sfgPeQ==}
    engines: {node: '>=14.17'}
    hasBin: true

  typia@9.6.0:
    resolution: {integrity: sha512-ETTJRMlKbgY37P/pRLFx94pKVkVrbn0t7xvpLmNfL31P4fKOH3YX/wz5u2nicqsDo5kQLjy891c3hpV37MbJWQ==}
    hasBin: true
    peerDependencies:
      typescript: '>=4.8.0 <5.9.0'

  uint8array-extras@1.4.0:
    resolution: {integrity: sha512-ZPtzy0hu4cZjv3z5NW9gfKnNLjoz4y6uv4HlelAjDK7sY/xOkKZv9xK/WQpcsBB3jEybChz9DPC2U/+cusjJVQ==}
    engines: {node: '>=18'}

  ultracite@4.2.12:
    resolution: {integrity: sha512-1lfs6i+pcRln8g1vPhWhtZCNuSN9P5GI5E90CuImSR3x9ZKHs6++lB+kYpYs5Zw+VTZaNBjbk7Q4XxnU2XyE8g==}
    hasBin: true

  undici-types@7.8.0:
    resolution: {integrity: sha512-9UJ2xGDvQ43tYyVMpuHlsgApydB8ZKfVYTsLDhXkFL/6gfkp+U8xTGdh8pMJv1SpZna0zxG1DwsKZsreLbXBxw==}

  unplugin@2.3.5:
    resolution: {integrity: sha512-RyWSb5AHmGtjjNQ6gIlA67sHOsWpsbWpwDokLwTcejVdOjEkJZh7QKu14J00gDDVSh8kGH4KYC/TNBceXFZhtw==}
    engines: {node: '>=18.12.0'}

  util-deprecate@1.0.2:
    resolution: {integrity: sha512-EPD5q1uXyFxJpCrLnCc1nHnq3gOa6DZBocAIiI2TaSCA7VCJ1UJDMagCzIkXNsUYfD1daK//LTEQ8xiIbrHtcw==}

  wcwidth@1.0.1:
    resolution: {integrity: sha512-XHPEwS0q6TaxcvG85+8EYkbiCux2XtWG2mkc47Ng2A77BQu9+DqIOJldST4HgPkuea7dvKSj5VgX3P1d4rW8Tg==}

  webpack-virtual-modules@0.6.2:
    resolution: {integrity: sha512-66/V2i5hQanC51vBQKPH4aI8NMAcBW59FVBs+rC7eGHupMyfn34q7rZIE+ETlJ+XTevqfUhVVBgSUNSW2flEUQ==}

  which@4.0.0:
    resolution: {integrity: sha512-GlaYyEb07DPxYCKhKzplCWBJtvxZcZMrL+4UkrTSJHHPyZU4mYYTv3qaOe77H7EODLSSopAUFAc6W8U4yqvscg==}
    engines: {node: ^16.13.0 || >=18.0.0}
    hasBin: true

  wrap-ansi@6.2.0:
    resolution: {integrity: sha512-r6lPcBGxZXlIcymEu7InxDMhdW0KDxpLgoFLcguasxCaJ/SOIZwINatK9KY/tf+ZrlywOKU0UDj3ATXUBfxJXA==}
    engines: {node: '>=8'}

  yocto-queue@1.2.1:
    resolution: {integrity: sha512-AyeEbWOu/TAXdxlV9wmGcR0+yh2j3vYPGOECcIj2S7MkrLyC7ne+oye2BKTItt0ii2PHk4cDy+95+LshzbXnGg==}
    engines: {node: '>=12.20'}

  zhead@2.2.4:
    resolution: {integrity: sha512-8F0OI5dpWIA5IGG5NHUg9staDwz/ZPxZtvGVf01j7vHqSyZ0raHY+78atOVxRqb73AotX22uV1pXt3gYSstGag==}

  zod@3.25.67:
    resolution: {integrity: sha512-idA2YXwpCdqUSKRCACDE6ItZD9TZzy3OZMtpfLoh6oPR47lipysRrJfjzMqFxQ3uJuUPyUeWe1r9vLH33xO/Qw==}

snapshots:

  '@biomejs/biome@2.1.2':
    optionalDependencies:
      '@biomejs/cli-darwin-arm64': 2.1.2
      '@biomejs/cli-darwin-x64': 2.1.2
      '@biomejs/cli-linux-arm64': 2.1.2
      '@biomejs/cli-linux-arm64-musl': 2.1.2
      '@biomejs/cli-linux-x64': 2.1.2
      '@biomejs/cli-linux-x64-musl': 2.1.2
      '@biomejs/cli-win32-arm64': 2.1.2
      '@biomejs/cli-win32-x64': 2.1.2

  '@biomejs/cli-darwin-arm64@2.1.2':
    optional: true

  '@biomejs/cli-darwin-x64@2.1.2':
    optional: true

  '@biomejs/cli-linux-arm64-musl@2.1.2':
    optional: true

  '@biomejs/cli-linux-arm64@2.1.2':
    optional: true

  '@biomejs/cli-linux-x64-musl@2.1.2':
    optional: true

  '@biomejs/cli-linux-x64@2.1.2':
    optional: true

  '@biomejs/cli-win32-arm64@2.1.2':
    optional: true

  '@biomejs/cli-win32-x64@2.1.2':
    optional: true

  '@elysiajs/cors@1.3.3(elysia@1.3.5(exact-mirror@0.1.2(@sinclair/typebox@0.34.35))(file-type@21.0.0)(typescript@5.8.3))':
    dependencies:
      elysia: 1.3.5(exact-mirror@0.1.2(@sinclair/typebox@0.34.35))(file-type@21.0.0)(typescript@5.8.3)

  '@elysiajs/eden@1.3.2(elysia@1.3.5(exact-mirror@0.1.2(@sinclair/typebox@0.34.35))(file-type@21.0.0)(typescript@5.8.3))':
    dependencies:
      elysia: 1.3.5(exact-mirror@0.1.2(@sinclair/typebox@0.34.35))(file-type@21.0.0)(typescript@5.8.3)

  '@elysiajs/server-timing@1.3.0(elysia@1.3.5(exact-mirror@0.1.2(@sinclair/typebox@0.34.35))(file-type@21.0.0)(typescript@5.8.3))':
    dependencies:
      elysia: 1.3.5(exact-mirror@0.1.2(@sinclair/typebox@0.34.35))(file-type@21.0.0)(typescript@5.8.3)

  '@elysiajs/swagger@1.3.0(elysia@1.3.5(exact-mirror@0.1.2(@sinclair/typebox@0.34.35))(file-type@21.0.0)(typescript@5.8.3))':
    dependencies:
      '@scalar/themes': 0.9.86
      '@scalar/types': 0.0.12
      elysia: 1.3.5(exact-mirror@0.1.2(@sinclair/typebox@0.34.35))(file-type@21.0.0)(typescript@5.8.3)
      openapi-types: 12.1.3
      pathe: 1.1.2

  '@jridgewell/sourcemap-codec@1.5.4': {}

  '@noble/hashes@1.8.0': {}

  '@paralleldrive/cuid2@2.2.2':
    dependencies:
      '@noble/hashes': 1.8.0

  '@rollup/pluginutils@5.2.0':
    dependencies:
      '@types/estree': 1.0.8
      estree-walker: 2.0.2
      picomatch: 4.0.3

  '@ryoppippi/unplugin-typia@2.6.5(typescript@5.8.3)(typia@9.6.0(typescript@5.8.3))':
    dependencies:
      '@rollup/pluginutils': 5.2.0
      bun-only: 0.0.1
      consola: 3.4.2
      defu: 6.1.4
      diff-match-patch-es: 1.0.1
      find-cache-dir: 5.0.0
      magic-string: 0.30.17
      pathe: 2.0.3
      pkg-types: 2.2.0
      type-fest: 4.41.0
      typescript: 5.8.3
      typia: 9.6.0(typescript@5.8.3)
      unplugin: 2.3.5
    transitivePeerDependencies:
      - rollup

  '@samchon/openapi@4.6.0': {}

  '@scalar/openapi-types@0.1.1': {}

  '@scalar/openapi-types@0.2.0':
    dependencies:
      zod: 3.25.67

  '@scalar/themes@0.9.86':
    dependencies:
      '@scalar/types': 0.1.7

  '@scalar/types@0.0.12':
    dependencies:
      '@scalar/openapi-types': 0.1.1
      '@unhead/schema': 1.11.20

  '@scalar/types@0.1.7':
    dependencies:
      '@scalar/openapi-types': 0.2.0
      '@unhead/schema': 1.11.20
      nanoid: 5.1.5
      type-fest: 4.41.0
      zod: 3.25.67

  '@sinclair/typebox@0.34.35':
    optional: true

  '@standard-schema/spec@1.0.0': {}

  '@tokenizer/inflate@0.2.7':
    dependencies:
      debug: 4.4.1
      fflate: 0.8.2
      token-types: 6.0.0
    transitivePeerDependencies:
      - supports-color

  '@tokenizer/token@0.3.0': {}

  '@types/bun@1.2.19(@types/react@19.1.8)':
    dependencies:
      bun-types: 1.2.19(@types/react@19.1.8)
    transitivePeerDependencies:
      - '@types/react'

  '@types/estree@1.0.8': {}

  '@types/node@24.0.3':
    dependencies:
      undici-types: 7.8.0

  '@types/react@19.1.8':
    dependencies:
      csstype: 3.1.3

  '@unhead/schema@1.11.20':
    dependencies:
      hookable: 5.5.3
      zhead: 2.2.4

  acorn@8.15.0: {}

  ansi-escapes@4.3.2:
    dependencies:
      type-fest: 0.21.3

  ansi-regex@5.0.1: {}

  ansi-styles@4.3.0:
    dependencies:
      color-convert: 2.0.1

  array-timsort@1.0.3: {}

  base64-js@1.5.1: {}

  bl@4.1.0:
    dependencies:
      buffer: 5.7.1
      inherits: 2.0.4
      readable-stream: 3.6.2

  buffer@5.7.1:
    dependencies:
      base64-js: 1.5.1
      ieee754: 1.2.1

  bun-only@0.0.1: {}

  bun-types@1.2.16:
    dependencies:
      '@types/node': 24.0.3

  bun-types@1.2.19(@types/react@19.1.8):
    dependencies:
      '@types/node': 24.0.3
      '@types/react': 19.1.8

  chalk@4.1.2:
    dependencies:
      ansi-styles: 4.3.0
      supports-color: 7.2.0

  chalk@5.4.1: {}

  chardet@0.7.0: {}

  cli-cursor@3.1.0:
    dependencies:
      restore-cursor: 3.1.0

  cli-spinners@2.9.2: {}

  cli-width@3.0.0: {}

  clone@1.0.4: {}

  color-convert@2.0.1:
    dependencies:
      color-name: 1.1.4

  color-name@1.1.4: {}

  commander@10.0.1: {}

  commander@14.0.0: {}

  comment-json@4.2.5:
    dependencies:
      array-timsort: 1.0.3
      core-util-is: 1.0.3
      esprima: 4.0.1
      has-own-prop: 2.0.0
      repeat-string: 1.6.1

  common-path-prefix@3.0.0: {}

  confbox@0.2.2: {}

  consola@3.4.2: {}

  cookie@1.0.2: {}

  core-util-is@1.0.3: {}

  csstype@3.1.3: {}

  debug@4.4.1:
    dependencies:
      ms: 2.1.3

  defaults@1.0.4:
    dependencies:
      clone: 1.0.4

  defu@6.1.4: {}

  diff-match-patch-es@1.0.1: {}

  dotenv@16.6.1: {}

  drange@1.1.1: {}

  elysia@1.3.5(exact-mirror@0.1.2(@sinclair/typebox@0.34.35))(file-type@21.0.0)(typescript@5.8.3):
    dependencies:
      cookie: 1.0.2
      exact-mirror: 0.1.2(@sinclair/typebox@0.34.35)
      fast-decode-uri-component: 1.0.1
      file-type: 21.0.0
      typescript: 5.8.3
    optionalDependencies:
      '@sinclair/typebox': 0.34.35
      openapi-types: 12.1.3

  emoji-regex@8.0.0: {}

  escape-string-regexp@1.0.5: {}

  esprima@4.0.1: {}

  estree-walker@2.0.2: {}

  exact-mirror@0.1.2(@sinclair/typebox@0.34.35):
    optionalDependencies:
      '@sinclair/typebox': 0.34.35

  exsolve@1.0.7: {}

  external-editor@3.1.0:
    dependencies:
      chardet: 0.7.0
      iconv-lite: 0.4.24
      tmp: 0.0.33

  fast-decode-uri-component@1.0.1: {}

  fflate@0.8.2: {}

  figures@3.2.0:
    dependencies:
      escape-string-regexp: 1.0.5

  file-type@21.0.0:
    dependencies:
      '@tokenizer/inflate': 0.2.7
      strtok3: 10.3.1
      token-types: 6.0.0
      uint8array-extras: 1.4.0
    transitivePeerDependencies:
      - supports-color

  find-cache-dir@5.0.0:
    dependencies:
      common-path-prefix: 3.0.0
      pkg-dir: 7.0.0

  find-up@6.3.0:
    dependencies:
      locate-path: 7.2.0
      path-exists: 5.0.0

  function-bind@1.1.2: {}

  global-prefix@4.0.0:
    dependencies:
      ini: 4.1.3
      kind-of: 6.0.3
      which: 4.0.0

  has-flag@4.0.0: {}

  has-own-prop@2.0.0: {}

  hasown@2.0.2:
    dependencies:
      function-bind: 1.1.2

  hookable@5.5.3: {}

  iconv-lite@0.4.24:
    dependencies:
      safer-buffer: 2.1.2

  ieee754@1.2.1: {}

  inherits@2.0.4: {}

  ini@4.1.3: {}

  inquirer@8.2.6:
    dependencies:
      ansi-escapes: 4.3.2
      chalk: 4.1.2
      cli-cursor: 3.1.0
      cli-width: 3.0.0
      external-editor: 3.1.0
      figures: 3.2.0
      lodash: 4.17.21
      mute-stream: 0.0.8
      ora: 5.4.1
      run-async: 2.4.1
      rxjs: 7.8.2
      string-width: 4.2.3
      strip-ansi: 6.0.1
      through: 2.3.8
      wrap-ansi: 6.2.0

  is-core-module@2.16.1:
    dependencies:
      hasown: 2.0.2

  is-fullwidth-code-point@3.0.0: {}

  is-interactive@1.0.0: {}

  is-unicode-supported@0.1.0: {}

  isexe@3.1.1: {}

  kind-of@6.0.3: {}

  lefthook-darwin-arm64@1.12.2:
    optional: true

  lefthook-darwin-x64@1.12.2:
    optional: true

  lefthook-freebsd-arm64@1.12.2:
    optional: true

  lefthook-freebsd-x64@1.12.2:
    optional: true

  lefthook-linux-arm64@1.12.2:
    optional: true

  lefthook-linux-x64@1.12.2:
    optional: true

  lefthook-openbsd-arm64@1.12.2:
    optional: true

  lefthook-openbsd-x64@1.12.2:
    optional: true

  lefthook-windows-arm64@1.12.2:
    optional: true

  lefthook-windows-x64@1.12.2:
    optional: true

  lefthook@1.12.2:
    optionalDependencies:
      lefthook-darwin-arm64: 1.12.2
      lefthook-darwin-x64: 1.12.2
      lefthook-freebsd-arm64: 1.12.2
      lefthook-freebsd-x64: 1.12.2
      lefthook-linux-arm64: 1.12.2
      lefthook-linux-x64: 1.12.2
      lefthook-openbsd-arm64: 1.12.2
      lefthook-openbsd-x64: 1.12.2
      lefthook-windows-arm64: 1.12.2
      lefthook-windows-x64: 1.12.2

  locate-path@7.2.0:
    dependencies:
      p-locate: 6.0.0

  lodash@4.17.21: {}

  log-symbols@4.1.0:
    dependencies:
      chalk: 4.1.2
      is-unicode-supported: 0.1.0

  logixlysia@5.0.0(exact-mirror@0.1.2(@sinclair/typebox@0.34.35))(file-type@21.0.0)(typescript@5.8.3):
    dependencies:
      chalk: 5.4.1
      elysia: 1.3.5(exact-mirror@0.1.2(@sinclair/typebox@0.34.35))(file-type@21.0.0)(typescript@5.8.3)
      typescript: 5.8.3
    transitivePeerDependencies:
      - exact-mirror
      - file-type

  magic-string@0.30.17:
    dependencies:
      '@jridgewell/sourcemap-codec': 1.5.4

  mimic-fn@2.1.0: {}

  minimist@1.2.8: {}

  ms@2.1.3: {}

  mute-stream@0.0.8: {}

  nanoid@5.1.5: {}

  onetime@5.1.2:
    dependencies:
      mimic-fn: 2.1.0

  openapi-types@12.1.3: {}

  ora@5.4.1:
    dependencies:
      bl: 4.1.0
      chalk: 4.1.2
      cli-cursor: 3.1.0
      cli-spinners: 2.9.2
      is-interactive: 1.0.0
      is-unicode-supported: 0.1.0
      log-symbols: 4.1.0
      strip-ansi: 6.0.1
      wcwidth: 1.0.1

  os-tmpdir@1.0.2: {}

  p-limit@4.0.0:
    dependencies:
      yocto-queue: 1.2.1

  p-locate@6.0.0:
    dependencies:
      p-limit: 4.0.0

  package-manager-detector@0.2.11:
    dependencies:
      quansync: 0.2.10

  path-exists@5.0.0: {}

  path-parse@1.0.7: {}

  pathe@1.1.2: {}

  pathe@2.0.3: {}

  picomatch@4.0.3: {}

  pkg-dir@7.0.0:
    dependencies:
      find-up: 6.3.0

  pkg-types@2.2.0:
    dependencies:
      confbox: 0.2.2
      exsolve: 1.0.7
      pathe: 2.0.3

  quansync@0.2.10: {}

  randexp@0.5.3:
    dependencies:
      drange: 1.1.1
      ret: 0.2.2

  readable-stream@3.6.2:
    dependencies:
      inherits: 2.0.4
      string_decoder: 1.3.0
      util-deprecate: 1.0.2

  repeat-string@1.6.1: {}

  resolve@1.22.10:
    dependencies:
      is-core-module: 2.16.1
      path-parse: 1.0.7
      supports-preserve-symlinks-flag: 1.0.0

  restore-cursor@3.1.0:
    dependencies:
      onetime: 5.1.2
      signal-exit: 3.0.7

  ret@0.2.2: {}

  run-async@2.4.1: {}

  rxjs@7.8.2:
    dependencies:
      tslib: 2.8.1

  safe-buffer@5.2.1: {}

  safer-buffer@2.1.2: {}

  semver@7.7.2: {}

  signal-exit@3.0.7: {}

  string-width@4.2.3:
    dependencies:
      emoji-regex: 8.0.0
      is-fullwidth-code-point: 3.0.0
      strip-ansi: 6.0.1

  string_decoder@1.3.0:
    dependencies:
      safe-buffer: 5.2.1

  strip-ansi@6.0.1:
    dependencies:
      ansi-regex: 5.0.1

  strtok3@10.3.1:
    dependencies:
      '@tokenizer/token': 0.3.0

  supports-color@7.2.0:
    dependencies:
      has-flag: 4.0.0

  supports-preserve-symlinks-flag@1.0.0: {}

  through@2.3.8: {}

  tmp@0.0.33:
    dependencies:
      os-tmpdir: 1.0.2

  token-types@6.0.0:
    dependencies:
      '@tokenizer/token': 0.3.0
      ieee754: 1.2.1

  ts-patch@3.3.0:
    dependencies:
      chalk: 4.1.2
      global-prefix: 4.0.0
      minimist: 1.2.8
      resolve: 1.22.10
      semver: 7.7.2
      strip-ansi: 6.0.1

  tslib@2.8.1: {}

  tstl@3.0.0: {}

  type-fest@0.21.3: {}

  type-fest@4.41.0: {}

  typescript@5.8.3: {}

  typia@9.6.0(typescript@5.8.3):
    dependencies:
      '@samchon/openapi': 4.6.0
      '@standard-schema/spec': 1.0.0
      commander: 10.0.1
      comment-json: 4.2.5
      inquirer: 8.2.6
      package-manager-detector: 0.2.11
      randexp: 0.5.3
      typescript: 5.8.3

  uint8array-extras@1.4.0: {}

  ultracite@4.2.12:
    dependencies:
      commander: 14.0.0

  undici-types@7.8.0: {}

  unplugin@2.3.5:
    dependencies:
      acorn: 8.15.0
      picomatch: 4.0.3
      webpack-virtual-modules: 0.6.2

  util-deprecate@1.0.2: {}

  wcwidth@1.0.1:
    dependencies:
      defaults: 1.0.4

  webpack-virtual-modules@0.6.2: {}

  which@4.0.0:
    dependencies:
      isexe: 3.1.1

  wrap-ansi@6.2.0:
    dependencies:
      ansi-styles: 4.3.0
      string-width: 4.2.3
      strip-ansi: 6.0.1

  yocto-queue@1.2.1: {}

  zhead@2.2.4: {}

  zod@3.25.67: {}
